<?xml version="1.0" encoding="utf-8"?>
<Project ToolsVersion="4.0" xmlns="http://schemas.microsoft.com/developer/msbuild/2003">
  <ItemGroup>
    <Filter Include="소스 파일">
      <UniqueIdentifier>{4FC737F1-C7A5-4376-A066-2A32D752A2FF}</UniqueIdentifier>
      <Extensions>cpp;c;cc;cxx;c++;cppm;ixx;def;odl;idl;hpj;bat;asm;asmx</Extensions>
    </Filter>
    <Filter Include="헤더 파일">
      <UniqueIdentifier>{93995380-89BD-4b04-88EB-625FBE52EBFB}</UniqueIdentifier>
      <Extensions>h;hh;hpp;hxx;h++;hm;inl;inc;ipp;xsd</Extensions>
    </Filter>
    <Filter Include="리소스 파일">
      <UniqueIdentifier>{67DA6AB6-F800-4c08-8B7A-83BB121AAD01}</UniqueIdentifier>
      <Extensions>rc;ico;cur;bmp;dlg;rc2;rct;bin;rgs;gif;jpg;jpeg;jpe;resx;tiff;tif;png;wav;mfcribbon-ms</Extensions>
    </Filter>
    <Filter Include="MainGame">
      <UniqueIdentifier>{8b0eb145-9b5c-4e36-9779-a79921d471b8}</UniqueIdentifier>
    </Filter>
    <Filter Include="Player">
      <UniqueIdentifier>{2a3575b6-bddb-49f7-a5b0-11ffafc9e63c}</UniqueIdentifier>
    </Filter>
    <Filter Include="Enemy">
      <UniqueIdentifier>{ebedaddf-9b20-4cb2-a805-b7ad41f3971b}</UniqueIdentifier>
    </Filter>
    <Filter Include="Mediate">
      <UniqueIdentifier>{1a39f933-e2db-4037-8964-4f57d1f4e1e3}</UniqueIdentifier>
    </Filter>
    <Filter Include="Creature">
      <UniqueIdentifier>{25017342-7c19-4a18-876d-73cbe2919dec}</UniqueIdentifier>
    </Filter>
    <Filter Include="Shop">
      <UniqueIdentifier>{5c47b976-c1e9-4720-bc23-c819315c7e21}</UniqueIdentifier>
    </Filter>
    <Filter Include="Item">
      <UniqueIdentifier>{34e2274b-8f82-4c36-93ac-28b4e321b61e}</UniqueIdentifier>
    </Filter>
    <Filter Include="Closet">
      <UniqueIdentifier>{695ee027-d859-463c-860c-2b63cb6b9791}</UniqueIdentifier>
    </Filter>
  </ItemGroup>
  <ItemGroup>
    <ClCompile Include="TextRPG_Class.cpp">
      <Filter>소스 파일</Filter>
    </ClCompile>
    <ClCompile Include="CMainGame.cpp">
      <Filter>MainGame</Filter>
    </ClCompile>
    <ClCompile Include="Player.cpp">
      <Filter>Player</Filter>
    </ClCompile>
    <ClCompile Include="Enemy.cpp">
      <Filter>Enemy</Filter>
    </ClCompile>
    <ClCompile Include="CInteraction.cpp">
      <Filter>Mediate</Filter>
    </ClCompile>
    <ClCompile Include="Creature.cpp">
      <Filter>Creature</Filter>
    </ClCompile>
    <ClCompile Include="CShop.cpp">
      <Filter>Shop</Filter>
    </ClCompile>
    <ClCompile Include="Level1_Shop.cpp">
      <Filter>Shop</Filter>
    </ClCompile>
    <ClCompile Include="Level2_Shop.cpp">
      <Filter>Shop</Filter>
    </ClCompile>
    <ClCompile Include="Level3_Shop.cpp">
      <Filter>Shop</Filter>
    </ClCompile>
    <ClCompile Include="CArmor.cpp">
      <Filter>Item</Filter>
    </ClCompile>
    <ClCompile Include="CInventory.cpp">
      <Filter>Item</Filter>
    </ClCompile>
    <ClCompile Include="CItem.cpp">
      <Filter>Item</Filter>
    </ClCompile>
    <ClCompile Include="stdafx.cpp">
      <Filter>소스 파일</Filter>
    </ClCompile>
    <ClCompile Include="CWeapon.cpp">
      <Filter>Item</Filter>
    </ClCompile>
    <ClCompile Include="CCloset.cpp">
      <Filter>Closet</Filter>
    </ClCompile>
  </ItemGroup>
  <ItemGroup>
    <ClInclude Include="stdafx.h">
      <Filter>헤더 파일</Filter>
    </ClInclude>
    <ClInclude Include="CMainGame.h">
      <Filter>MainGame</Filter>
    </ClInclude>
    <ClInclude Include="Define.h">
      <Filter>헤더 파일</Filter>
    </ClInclude>
    <ClInclude Include="Player.h">
      <Filter>Player</Filter>
    </ClInclude>
    <ClInclude Include="Enemy.h">
      <Filter>Enemy</Filter>
    </ClInclude>
    <ClInclude Include="CInteraction.h">
      <Filter>Mediate</Filter>
    </ClInclude>
    <ClInclude Include="Creature.h">
      <Filter>Creature</Filter>
    </ClInclude>
    <ClInclude Include="CShop.h">
      <Filter>Shop</Filter>
    </ClInclude>
    <ClInclude Include="Level3_Shop.h">
      <Filter>Shop</Filter>
    </ClInclude>
    <ClInclude Include="Level1_Shop.h">
      <Filter>Shop</Filter>
    </ClInclude>
    <ClInclude Include="Level2_Shop.h">
      <Filter>Shop</Filter>
    </ClInclude>
    <ClInclude Include="CArmor.h">
      <Filter>Item</Filter>
    </ClInclude>
    <ClInclude Include="CInventory.h">
      <Filter>Item</Filter>
    </ClInclude>
    <ClInclude Include="CItem.h">
      <Filter>Item</Filter>
    </ClInclude>
    <ClInclude Include="CWeapon.h">
      <Filter>Item</Filter>
    </ClInclude>
    <ClInclude Include="CCloset.h">
      <Filter>Closet</Filter>
    </ClInclude>
  </ItemGroup>
</Project>